
Microsoft Visual Studio Solution File, Format Version 12.00
# Visual Studio 2013
VisualStudioVersion = 12.0.30110.0
MinimumVisualStudioVersion = 10.0.40219.1
Project("{FAE04EC0-301F-11D3-BF4B-00C04F79EFBC}") = "Abe.Chat.SignalR", "Abe.Chat.SignalR\Abe.Chat.SignalR.csproj", "{19FD3A3D-E9A2-4D4B-BE0A-2A521DA7E47B}"
EndProject
Global
	GlobalSection(SolutionConfigurationPlatforms) = preSolution
		Debug|Any CPU = Debug|Any CPU
		Release|Any CPU = Release|Any CPU
	EndGlobalSection
	GlobalSection(ProjectConfigurationPlatforms) = postSolution
		{19FD3A3D-E9A2-4D4B-BE0A-2A521DA7E47B}.Debug|Any CPU.ActiveCfg = Debug|Any CPU
		{19FD3A3D-E9A2-4D4B-BE0A-2A521DA7E47B}.Debug|Any CPU.Build.0 = Debug|Any CPU
		{19FD3A3D-E9A2-4D4B-BE0A-2A521DA7E47B}.Release|Any CPU.ActiveCfg = Release|Any CPU
		{19FD3A3D-E9A2-4D4B-BE0A-2A521DA7E47B}.Release|Any CPU.Build.0 = Release|Any CPU
	EndGlobalSection
	GlobalSection(SolutionProperties) = preSolution
		HideSolutionNode = FALSE
	EndGlobalSection
EndGlobal
